// !$*UTF8*$!
{
	archiveVersion = 1;
	classes = {
	};
	objectVersion = 50;
	objects = {

/* Begin PBXBuildFile section */
		18AAA465247284AA0099CF64 /* AppDelegate.swift in Sources */ = {isa = PBXBuildFile; fileRef = 18AAA464247284AA0099CF64 /* AppDelegate.swift */; };
		18AAA467247284AA0099CF64 /* SceneDelegate.swift in Sources */ = {isa = PBXBuildFile; fileRef = 18AAA466247284AA0099CF64 /* SceneDelegate.swift */; };
		18AAA469247284AA0099CF64 /* ContentView.swift in Sources */ = {isa = PBXBuildFile; fileRef = 18AAA468247284AA0099CF64 /* ContentView.swift */; };
		18AAA46B247284AC0099CF64 /* Assets.xcassets in Resources */ = {isa = PBXBuildFile; fileRef = 18AAA46A247284AC0099CF64 /* Assets.xcassets */; };
		18AAA46E247284AC0099CF64 /* Preview Assets.xcassets in Resources */ = {isa = PBXBuildFile; fileRef = 18AAA46D247284AC0099CF64 /* Preview Assets.xcassets */; };
		18AAA471247284AC0099CF64 /* LaunchScreen.storyboard in Resources */ = {isa = PBXBuildFile; fileRef = 18AAA46F247284AC0099CF64 /* LaunchScreen.storyboard */; };
		18AAA479247285FE0099CF64 /* Support.swift in Sources */ = {isa = PBXBuildFile; fileRef = 18AAA478247285FE0099CF64 /* Support.swift */; };
		18AAA485247286370099CF64 /* RobotoMono-Medium.ttf in Resources */ = {isa = PBXBuildFile; fileRef = 18AAA47B247286370099CF64 /* RobotoMono-Medium.ttf */; };
		18AAA486247286370099CF64 /* RobotoMono-Regular.ttf in Resources */ = {isa = PBXBuildFile; fileRef = 18AAA47C247286370099CF64 /* RobotoMono-Regular.ttf */; };
		18AAA487247286370099CF64 /* RobotoMono-LightItalic.ttf in Resources */ = {isa = PBXBuildFile; fileRef = 18AAA47D247286370099CF64 /* RobotoMono-LightItalic.ttf */; };
		18AAA488247286370099CF64 /* RobotoMono-BoldItalic.ttf in Resources */ = {isa = PBXBuildFile; fileRef = 18AAA47E247286370099CF64 /* RobotoMono-BoldItalic.ttf */; };
		18AAA489247286370099CF64 /* RobotoMono-ThinItalic.ttf in Resources */ = {isa = PBXBuildFile; fileRef = 18AAA47F247286370099CF64 /* RobotoMono-ThinItalic.ttf */; };
		18AAA48A247286370099CF64 /* RobotoMono-Light.ttf in Resources */ = {isa = PBXBuildFile; fileRef = 18AAA480247286370099CF64 /* RobotoMono-Light.ttf */; };
		18AAA48B247286370099CF64 /* RobotoMono-MediumItalic.ttf in Resources */ = {isa = PBXBuildFile; fileRef = 18AAA481247286370099CF64 /* RobotoMono-MediumItalic.ttf */; };
		18AAA48C247286370099CF64 /* RobotoMono-Bold.ttf in Resources */ = {isa = PBXBuildFile; fileRef = 18AAA482247286370099CF64 /* RobotoMono-Bold.ttf */; };
		18AAA48D247286370099CF64 /* RobotoMono-Italic.ttf in Resources */ = {isa = PBXBuildFile; fileRef = 18AAA483247286370099CF64 /* RobotoMono-Italic.ttf */; };
		18AAA48E247286370099CF64 /* RobotoMono-Thin.ttf in Resources */ = {isa = PBXBuildFile; fileRef = 18AAA484247286370099CF64 /* RobotoMono-Thin.ttf */; };
		18AAA4952472864F0099CF64 /* Teko-Bold.ttf in Resources */ = {isa = PBXBuildFile; fileRef = 18AAA4902472864F0099CF64 /* Teko-Bold.ttf */; };
		18AAA4962472864F0099CF64 /* Teko-Medium.ttf in Resources */ = {isa = PBXBuildFile; fileRef = 18AAA4912472864F0099CF64 /* Teko-Medium.ttf */; };
		18AAA4972472864F0099CF64 /* Teko-SemiBold.ttf in Resources */ = {isa = PBXBuildFile; fileRef = 18AAA4922472864F0099CF64 /* Teko-SemiBold.ttf */; };
		18AAA4982472864F0099CF64 /* Teko-Regular.ttf in Resources */ = {isa = PBXBuildFile; fileRef = 18AAA4932472864F0099CF64 /* Teko-Regular.ttf */; };
		18AAA4992472864F0099CF64 /* Teko-Light.ttf in Resources */ = {isa = PBXBuildFile; fileRef = 18AAA4942472864F0099CF64 /* Teko-Light.ttf */; };
		18AAA49C247286FD0099CF64 /* UbuntuCondensed-Regular.ttf in Resources */ = {isa = PBXBuildFile; fileRef = 18AAA49B247286FD0099CF64 /* UbuntuCondensed-Regular.ttf */; };
		18AAA4A124728E000099CF64 /* RopaSans-Italic.ttf in Resources */ = {isa = PBXBuildFile; fileRef = 18AAA49E24728E000099CF64 /* RopaSans-Italic.ttf */; };
		18AAA4A224728E000099CF64 /* RopaSans-Regular.ttf in Resources */ = {isa = PBXBuildFile; fileRef = 18AAA49F24728E000099CF64 /* RopaSans-Regular.ttf */; };
		18AAA4A324728E000099CF64 /* OFL.txt in Resources */ = {isa = PBXBuildFile; fileRef = 18AAA4A024728E000099CF64 /* OFL.txt */; };
/* End PBXBuildFile section */

/* Begin PBXFileReference section */
		18AAA461247284AA0099CF64 /* DocsViewTest.app */ = {isa = PBXFileReference; explicitFileType = wrapper.application; includeInIndex = 0; path = DocsViewTest.app; sourceTree = BUILT_PRODUCTS_DIR; };
		18AAA464247284AA0099CF64 /* AppDelegate.swift */ = {isa = PBXFileReference; lastKnownFileType = sourcecode.swift; path = AppDelegate.swift; sourceTree = "<group>"; };
		18AAA466247284AA0099CF64 /* SceneDelegate.swift */ = {isa = PBXFileReference; lastKnownFileType = sourcecode.swift; path = SceneDelegate.swift; sourceTree = "<group>"; };
		18AAA468247284AA0099CF64 /* ContentView.swift */ = {isa = PBXFileReference; lastKnownFileType = sourcecode.swift; path = ContentView.swift; sourceTree = "<group>"; };
		18AAA46A247284AC0099CF64 /* Assets.xcassets */ = {isa = PBXFileReference; lastKnownFileType = folder.assetcatalog; path = Assets.xcassets; sourceTree = "<group>"; };
		18AAA46D247284AC0099CF64 /* Preview Assets.xcassets */ = {isa = PBXFileReference; lastKnownFileType = folder.assetcatalog; path = "Preview Assets.xcassets"; sourceTree = "<group>"; };
		18AAA470247284AC0099CF64 /* Base */ = {isa = PBXFileReference; lastKnownFileType = file.storyboard; name = Base; path = Base.lproj/LaunchScreen.storyboard; sourceTree = "<group>"; };
		18AAA472247284AC0099CF64 /* Info.plist */ = {isa = PBXFileReference; lastKnownFileType = text.plist.xml; path = Info.plist; sourceTree = "<group>"; };
		18AAA478247285FE0099CF64 /* Support.swift */ = {isa = PBXFileReference; lastKnownFileType = sourcecode.swift; path = Support.swift; sourceTree = "<group>"; };
		18AAA47B247286370099CF64 /* RobotoMono-Medium.ttf */ = {isa = PBXFileReference; lastKnownFileType = file; path = "RobotoMono-Medium.ttf"; sourceTree = "<group>"; };
		18AAA47C247286370099CF64 /* RobotoMono-Regular.ttf */ = {isa = PBXFileReference; lastKnownFileType = file; path = "RobotoMono-Regular.ttf"; sourceTree = "<group>"; };
		18AAA47D247286370099CF64 /* RobotoMono-LightItalic.ttf */ = {isa = PBXFileReference; lastKnownFileType = file; path = "RobotoMono-LightItalic.ttf"; sourceTree = "<group>"; };
		18AAA47E247286370099CF64 /* RobotoMono-BoldItalic.ttf */ = {isa = PBXFileReference; lastKnownFileType = file; path = "RobotoMono-BoldItalic.ttf"; sourceTree = "<group>"; };
		18AAA47F247286370099CF64 /* RobotoMono-ThinItalic.ttf */ = {isa = PBXFileReference; lastKnownFileType = file; path = "RobotoMono-ThinItalic.ttf"; sourceTree = "<group>"; };
		18AAA480247286370099CF64 /* RobotoMono-Light.ttf */ = {isa = PBXFileReference; lastKnownFileType = file; path = "RobotoMono-Light.ttf"; sourceTree = "<group>"; };
		18AAA481247286370099CF64 /* RobotoMono-MediumItalic.ttf */ = {isa = PBXFileReference; lastKnownFileType = file; path = "RobotoMono-MediumItalic.ttf"; sourceTree = "<group>"; };
		18AAA482247286370099CF64 /* RobotoMono-Bold.ttf */ = {isa = PBXFileReference; lastKnownFileType = file; path = "RobotoMono-Bold.ttf"; sourceTree = "<group>"; };
		18AAA483247286370099CF64 /* RobotoMono-Italic.ttf */ = {isa = PBXFileReference; lastKnownFileType = file; path = "RobotoMono-Italic.ttf"; sourceTree = "<group>"; };
		18AAA484247286370099CF64 /* RobotoMono-Thin.ttf */ = {isa = PBXFileReference; lastKnownFileType = file; path = "RobotoMono-Thin.ttf"; sourceTree = "<group>"; };
		18AAA4902472864F0099CF64 /* Teko-Bold.ttf */ = {isa = PBXFileReference; lastKnownFileType = file; path = "Teko-Bold.ttf"; sourceTree = "<group>"; };
		18AAA4912472864F0099CF64 /* Teko-Medium.ttf */ = {isa = PBXFileReference; lastKnownFileType = file; path = "Teko-Medium.ttf"; sourceTree = "<group>"; };
		18AAA4922472864F0099CF64 /* Teko-SemiBold.ttf */ = {isa = PBXFileReference; lastKnownFileType = file; path = "Teko-SemiBold.ttf"; sourceTree = "<group>"; };
		18AAA4932472864F0099CF64 /* Teko-Regular.ttf */ = {isa = PBXFileReference; lastKnownFileType = file; path = "Teko-Regular.ttf"; sourceTree = "<group>"; };
		18AAA4942472864F0099CF64 /* Teko-Light.ttf */ = {isa = PBXFileReference; lastKnownFileType = file; path = "Teko-Light.ttf"; sourceTree = "<group>"; };
		18AAA49B247286FD0099CF64 /* UbuntuCondensed-Regular.ttf */ = {isa = PBXFileReference; lastKnownFileType = file; path = "UbuntuCondensed-Regular.ttf"; sourceTree = "<group>"; };
		18AAA49E24728E000099CF64 /* RopaSans-Italic.ttf */ = {isa = PBXFileReference; lastKnownFileType = file; path = "RopaSans-Italic.ttf"; sourceTree = "<group>"; };
		18AAA49F24728E000099CF64 /* RopaSans-Regular.ttf */ = {isa = PBXFileReference; lastKnownFileType = file; path = "RopaSans-Regular.ttf"; sourceTree = "<group>"; };
		18AAA4A024728E000099CF64 /* OFL.txt */ = {isa = PBXFileReference; fileEncoding = 4; lastKnownFileType = text; path = OFL.txt; sourceTree = "<group>"; };
/* End PBXFileReference section */

/* Begin PBXFrameworksBuildPhase section */
		18AAA45E247284AA0099CF64 /* Frameworks */ = {
			isa = PBXFrameworksBuildPhase;
			buildActionMask = 2147483647;
			files = (
			);
			runOnlyForDeploymentPostprocessing = 0;
		};
/* End PBXFrameworksBuildPhase section */

/* Begin PBXGroup section */
		18AAA458247284AA0099CF64 = {
			isa = PBXGroup;
			children = (
				18AAA463247284AA0099CF64 /* DocsViewTest */,
				18AAA462247284AA0099CF64 /* Products */,
			);
			sourceTree = "<group>";
		};
		18AAA462247284AA0099CF64 /* Products */ = {
			isa = PBXGroup;
			children = (
				18AAA461247284AA0099CF64 /* DocsViewTest.app */,
			);
			name = Products;
			sourceTree = "<group>";
		};
		18AAA463247284AA0099CF64 /* DocsViewTest */ = {
			isa = PBXGroup;
			children = (
				18AAA464247284AA0099CF64 /* AppDelegate.swift */,
				18AAA466247284AA0099CF64 /* SceneDelegate.swift */,
				18AAA468247284AA0099CF64 /* ContentView.swift */,
				18AAA478247285FE0099CF64 /* Support.swift */,
				18AAA46A247284AC0099CF64 /* Assets.xcassets */,
				18AAA46F247284AC0099CF64 /* LaunchScreen.storyboard */,
				18AAA472247284AC0099CF64 /* Info.plist */,
				18AAA49D24728E000099CF64 /* Ropa_Sans */,
				18AAA49A247286FD0099CF64 /* Ubuntu_Condensed */,
				18AAA48F2472864F0099CF64 /* Teko */,
				18AAA47A247286370099CF64 /* Roboto_Mono */,
				18AAA46C247284AC0099CF64 /* Preview Content */,
			);
			path = DocsViewTest;
			sourceTree = "<group>";
		};
		18AAA46C247284AC0099CF64 /* Preview Content */ = {
			isa = PBXGroup;
			children = (
				18AAA46D247284AC0099CF64 /* Preview Assets.xcassets */,
			);
			path = "Preview Content";
			sourceTree = "<group>";
		};
		18AAA47A247286370099CF64 /* Roboto_Mono */ = {
			isa = PBXGroup;
			children = (
				18AAA47B247286370099CF64 /* RobotoMono-Medium.ttf */,
				18AAA47C247286370099CF64 /* RobotoMono-Regular.ttf */,
				18AAA47D247286370099CF64 /* RobotoMono-LightItalic.ttf */,
				18AAA47E247286370099CF64 /* RobotoMono-BoldItalic.ttf */,
				18AAA47F247286370099CF64 /* RobotoMono-ThinItalic.ttf */,
				18AAA480247286370099CF64 /* RobotoMono-Light.ttf */,
				18AAA481247286370099CF64 /* RobotoMono-MediumItalic.ttf */,
				18AAA482247286370099CF64 /* RobotoMono-Bold.ttf */,
				18AAA483247286370099CF64 /* RobotoMono-Italic.ttf */,
				18AAA484247286370099CF64 /* RobotoMono-Thin.ttf */,
			);
			path = Roboto_Mono;
			sourceTree = "<group>";
		};
		18AAA48F2472864F0099CF64 /* Teko */ = {
			isa = PBXGroup;
			children = (
				18AAA4902472864F0099CF64 /* Teko-Bold.ttf */,
				18AAA4912472864F0099CF64 /* Teko-Medium.ttf */,
				18AAA4922472864F0099CF64 /* Teko-SemiBold.ttf */,
				18AAA4932472864F0099CF64 /* Teko-Regular.ttf */,
				18AAA4942472864F0099CF64 /* Teko-Light.ttf */,
			);
			path = Teko;
			sourceTree = "<group>";
		};
		18AAA49A247286FD0099CF64 /* Ubuntu_Condensed */ = {
			isa = PBXGroup;
			children = (
				18AAA49B247286FD0099CF64 /* UbuntuCondensed-Regular.ttf */,
			);
			path = Ubuntu_Condensed;
			sourceTree = "<group>";
		};
		18AAA49D24728E000099CF64 /* Ropa_Sans */ = {
			isa = PBXGroup;
			children = (
				18AAA49E24728E000099CF64 /* RopaSans-Italic.ttf */,
				18AAA49F24728E000099CF64 /* RopaSans-Regular.ttf */,
				18AAA4A024728E000099CF64 /* OFL.txt */,
			);
			path = Ropa_Sans;
			sourceTree = "<group>";
		};
/* End PBXGroup section */

/* Begin PBXNativeTarget section */
		18AAA460247284AA0099CF64 /* DocsViewTest */ = {
			isa = PBXNativeTarget;
			buildConfigurationList = 18AAA475247284AC0099CF64 /* Build configuration list for PBXNativeTarget "DocsViewTest" */;
			buildPhases = (
				18AAA45D247284AA0099CF64 /* Sources */,
				18AAA45E247284AA0099CF64 /* Frameworks */,
				18AAA45F247284AA0099CF64 /* Resources */,
			);
			buildRules = (
			);
			dependencies = (
			);
			name = DocsViewTest;
			productName = DocsViewTest;
			productReference = 18AAA461247284AA0099CF64 /* DocsViewTest.app */;
			productType = "com.apple.product-type.application";
		};
/* End PBXNativeTarget section */

/* Begin PBXProject section */
		18AAA459247284AA0099CF64 /* Project object */ = {
			isa = PBXProject;
			attributes = {
				LastSwiftUpdateCheck = 1140;
				LastUpgradeCheck = 1140;
				ORGANIZATIONNAME = Rhapsody;
				TargetAttributes = {
					18AAA460247284AA0099CF64 = {
						CreatedOnToolsVersion = 11.4.1;
					};
				};
			};
			buildConfigurationList = 18AAA45C247284AA0099CF64 /* Build configuration list for PBXProject "DocsViewTest" */;
			compatibilityVersion = "Xcode 9.3";
			developmentRegion = en;
			hasScannedForEncodings = 0;
			knownRegions = (
				en,
				Base,
			);
			mainGroup = 18AAA458247284AA0099CF64;
			productRefGroup = 18AAA462247284AA0099CF64 /* Products */;
			projectDirPath = "";
			projectRoot = "";
			targets = (
				18AAA460247284AA0099CF64 /* DocsViewTest */,
			);
		};
/* End PBXProject section */

/* Begin PBXResourcesBuildPhase section */
		18AAA45F247284AA0099CF64 /* Resources */ = {
			isa = PBXResourcesBuildPhase;
			buildActionMask = 2147483647;
			files = (
				18AAA471247284AC0099CF64 /* LaunchScreen.storyboard in Resources */,
				18AAA4A224728E000099CF64 /* RopaSans-Regular.ttf in Resources */,
				18AAA489247286370099CF64 /* RobotoMono-ThinItalic.ttf in Resources */,
				18AAA4962472864F0099CF64 /* Teko-Medium.ttf in Resources */,
				18AAA486247286370099CF64 /* RobotoMono-Regular.ttf in Resources */,
				18AAA485247286370099CF64 /* RobotoMono-Medium.ttf in Resources */,
				18AAA46E247284AC0099CF64 /* Preview Assets.xcassets in Resources */,
				18AAA46B247284AC0099CF64 /* Assets.xcassets in Resources */,
				18AAA49C247286FD0099CF64 /* UbuntuCondensed-Regular.ttf in Resources */,
				18AAA4952472864F0099CF64 /* Teko-Bold.ttf in Resources */,
				18AAA4A124728E000099CF64 /* RopaSans-Italic.ttf in Resources */,
				18AAA48A247286370099CF64 /* RobotoMono-Light.ttf in Resources */,
				18AAA4A324728E000099CF64 /* OFL.txt in Resources */,
				18AAA487247286370099CF64 /* RobotoMono-LightItalic.ttf in Resources */,
				18AAA4992472864F0099CF64 /* Teko-Light.ttf in Resources */,
				18AAA48C247286370099CF64 /* RobotoMono-Bold.ttf in Resources */,
				18AAA4982472864F0099CF64 /* Teko-Regular.ttf in Resources */,
				18AAA488247286370099CF64 /* RobotoMono-BoldItalic.ttf in Resources */,
				18AAA4972472864F0099CF64 /* Teko-SemiBold.ttf in Resources */,
				18AAA48D247286370099CF64 /* RobotoMono-Italic.ttf in Resources */,
				18AAA48B247286370099CF64 /* RobotoMono-MediumItalic.ttf in Resources */,
				18AAA48E247286370099CF64 /* RobotoMono-Thin.ttf in Resources */,
			);
			runOnlyForDeploymentPostprocessing = 0;
		};
/* End PBXResourcesBuildPhase section */

/* Begin PBXSourcesBuildPhase section */
		18AAA45D247284AA0099CF64 /* Sources */ = {
			isa = PBXSourcesBuildPhase;
			buildActionMask = 2147483647;
			files = (
				18AAA465247284AA0099CF64 /* AppDelegate.swift in Sources */,
				18AAA479247285FE0099CF64 /* Support.swift in Sources */,
				18AAA467247284AA0099CF64 /* SceneDelegate.swift in Sources */,
				18AAA469247284AA0099CF64 /* ContentView.swift in Sources */,
			);
			runOnlyForDeploymentPostprocessing = 0;
		};
/* End PBXSourcesBuildPhase section */

/* Begin PBXVariantGroup section */
		18AAA46F247284AC0099CF64 /* LaunchScreen.storyboard */ = {
			isa = PBXVariantGroup;
			children = (
				18AAA470247284AC0099CF64 /* Base */,
			);
			name = LaunchScreen.storyboard;
			sourceTree = "<group>";
		};
/* End PBXVariantGroup section */

/* Begin XCBuildConfiguration section */
		18AAA473247284AC0099CF64 /* Debug */ = {
			isa = XCBuildConfiguration;
			buildSettings = {
				ALWAYS_SEARCH_USER_PATHS = NO;
				CLANG_ANALYZER_NONNULL = YES;
				CLANG_ANALYZER_NUMBER_OBJECT_CONVERSION = YES_AGGRESSIVE;
				CLANG_CXX_LANGUAGE_STANDARD = "gnu++14";
				CLANG_CXX_LIBRARY = "libc++";
				CLANG_ENABLE_MODULES = YES;
				CLANG_ENABLE_OBJC_ARC = YES;
				CLANG_ENABLE_OBJC_WEAK = YES;
				CLANG_WARN_BLOCK_CAPTURE_AUTORELEASING = YES;
				CLANG_WARN_BOOL_CONVERSION = YES;
				CLANG_WARN_COMMA = YES;
				CLANG_WARN_CONSTANT_CONVERSION = YES;
				CLANG_WARN_DEPRECATED_OBJC_IMPLEMENTATIONS = YES;
				CLANG_WARN_DIRECT_OBJC_ISA_USAGE = YES_ERROR;
				CLANG_WARN_DOCUMENTATION_COMMENTS = YES;
				CLANG_WARN_EMPTY_BODY = YES;
				CLANG_WARN_ENUM_CONVERSION = YES;
				CLANG_WARN_INFINITE_RECURSION = YES;
				CLANG_WARN_INT_CONVERSION = YES;
				CLANG_WARN_NON_LITERAL_NULL_CONVERSION = YES;
				CLANG_WARN_OBJC_IMPLICIT_RETAIN_SELF = YES;
				CLANG_WARN_OBJC_LITERAL_CONVERSION = YES;
				CLANG_WARN_OBJC_ROOT_CLASS = YES_ERROR;
				CLANG_WARN_RANGE_LOOP_ANALYSIS = YES;
				CLANG_WARN_STRICT_PROTOTYPES = YES;
				CLANG_WARN_SUSPICIOUS_MOVE = YES;
				CLANG_WARN_UNGUARDED_AVAILABILITY = YES_AGGRESSIVE;
				CLANG_WARN_UNREACHABLE_CODE = YES;
				CLANG_WARN__DUPLICATE_METHOD_MATCH = YES;
				COPY_PHASE_STRIP = NO;
				DEBUG_INFORMATION_FORMAT = dwarf;
				ENABLE_STRICT_OBJC_MSGSEND = YES;
				ENABLE_TESTABILITY = YES;
				GCC_C_LANGUAGE_STANDARD = gnu11;
				GCC_DYNAMIC_NO_PIC = NO;
				GCC_NO_COMMON_BLOCKS = YES;
				GCC_OPTIMIZATION_LEVEL = 0;
				GCC_PREPROCESSOR_DEFINITIONS = (
					"DEBUG=1",
					"$(inherited)",
				);
				GCC_WARN_64_TO_32_BIT_CONVERSION = YES;
				GCC_WARN_ABOUT_RETURN_TYPE = YES_ERROR;
				GCC_WARN_UNDECLARED_SELECTOR = YES;
				GCC_WARN_UNINITIALIZED_AUTOS = YES_AGGRESSIVE;
				GCC_WARN_UNUSED_FUNCTION = YES;
				GCC_WARN_UNUSED_VARIABLE = YES;
				IPHONEOS_DEPLOYMENT_TARGET = 13.4;
				MTL_ENABLE_DEBUG_INFO = INCLUDE_SOURCE;
				MTL_FAST_MATH = YES;
				ONLY_ACTIVE_ARCH = YES;
				SDKROOT = iphoneos;
				SWIFT_ACTIVE_COMPILATION_CONDITIONS = DEBUG;
				SWIFT_OPTIMIZATION_LEVEL = "-Onone";
			};
			name = Debug;
		};
		18AAA474247284AC0099CF64 /* Release */ = {
			isa = XCBuildConfiguration;
			buildSettings = {
				ALWAYS_SEARCH_USER_PATHS = NO;
				CLANG_ANALYZER_NONNULL = YES;
				CLANG_ANALYZER_NUMBER_OBJECT_CONVERSION = YES_AGGRESSIVE;
				CLANG_CXX_LANGUAGE_STANDARD = "gnu++14";
				CLANG_CXX_LIBRARY = "libc++";
				CLANG_ENABLE_MODULES = YES;
				CLANG_ENABLE_OBJC_ARC = YES;
				CLANG_ENABLE_OBJC_WEAK = YES;
				CLANG_WARN_BLOCK_CAPTURE_AUTORELEASING = YES;
				CLANG_WARN_BOOL_CONVERSION = YES;
				CLANG_WARN_COMMA = YES;
				CLANG_WARN_CONSTANT_CONVERSION = YES;
				CLANG_WARN_DEPRECATED_OBJC_IMPLEMENTATIONS = YES;
				CLANG_WARN_DIRECT_OBJC_ISA_USAGE = YES_ERROR;
				CLANG_WARN_DOCUMENTATION_COMMENTS = YES;
				CLANG_WARN_EMPTY_BODY = YES;
				CLANG_WARN_ENUM_CONVERSION = YES;
				CLANG_WARN_INFINITE_RECURSION = YES;
				CLANG_WARN_INT_CONVERSION = YES;
				CLANG_WARN_NON_LITERAL_NULL_CONVERSION = YES;
				CLANG_WARN_OBJC_IMPLICIT_RETAIN_SELF = YES;
				CLANG_WARN_OBJC_LITERAL_CONVERSION = YES;
				CLANG_WARN_OBJC_ROOT_CLASS = YES_ERROR;
				CLANG_WARN_RANGE_LOOP_ANALYSIS = YES;
				CLANG_WARN_STRICT_PROTOTYPES = YES;
				CLANG_WARN_SUSPICIOUS_MOVE = YES;
				CLANG_WARN_UNGUARDED_AVAILABILITY = YES_AGGRESSIVE;
				CLANG_WARN_UNREACHABLE_CODE = YES;
				CLANG_WARN__DUPLICATE_METHOD_MATCH = YES;
				COPY_PHASE_STRIP = NO;
				DEBUG_INFORMATION_FORMAT = "dwarf-with-dsym";
				ENABLE_NS_ASSERTIONS = NO;
				ENABLE_STRICT_OBJC_MSGSEND = YES;
				GCC_C_LANGUAGE_STANDARD = gnu11;
				GCC_NO_COMMON_BLOCKS = YES;
				GCC_WARN_64_TO_32_BIT_CONVERSION = YES;
				GCC_WARN_ABOUT_RETURN_TYPE = YES_ERROR;
				GCC_WARN_UNDECLARED_SELECTOR = YES;
				GCC_WARN_UNINITIALIZED_AUTOS = YES_AGGRESSIVE;
				GCC_WARN_UNUSED_FUNCTION = YES;
				GCC_WARN_UNUSED_VARIABLE = YES;
				IPHONEOS_DEPLOYMENT_TARGET = 13.4;
				MTL_ENABLE_DEBUG_INFO = NO;
				MTL_FAST_MATH = YES;
				SDKROOT = iphoneos;
				SWIFT_COMPILATION_MODE = wholemodule;
				SWIFT_OPTIMIZATION_LEVEL = "-O";
				VALIDATE_PRODUCT = YES;
			};
			name = Release;
		};
		18AAA476247284AC0099CF64 /* Debug */ = {
			isa = XCBuildConfiguration;
			buildSettings = {
				ASSETCATALOG_COMPILER_APPICON_NAME = AppIcon;
				CODE_SIGN_STYLE = Automatic;
				DEVELOPMENT_ASSET_PATHS = "\"DocsViewTest/Preview Content\"";
				DEVELOPMENT_TEAM = 6MM6Y2NK23;
				ENABLE_PREVIEWS = YES;
				INFOPLIST_FILE = DocsViewTest/Info.plist;
				LD_RUNPATH_SEARCH_PATHS = (
					"$(inherited)",
					"@executable_path/Frameworks",
				);
				PRODUCT_BUNDLE_IDENTIFIER = Patrick.DocsViewTest;
				PRODUCT_NAME = "$(TARGET_NAME)";
				SWIFT_VERSION = 5.0;
				TARGETED_DEVICE_FAMILY = "1,2";
			};
			name = Debug;
		};
		18AAA477247284AC0099CF64 /* Release */ = {
			isa = XCBuildConfiguration;
			buildSettings = {
				ASSETCATALOG_COMPILER_APPICON_NAME = AppIcon;
				CODE_SIGN_STYLE = Automatic;
				DEVELOPMENT_ASSET_PATHS = "\"DocsViewTest/Preview Content\"";
				DEVELOPMENT_TEAM = 6MM6Y2NK23;
				ENABLE_PREVIEWS = YES;
				INFOPLIST_FILE = DocsViewTest/Info.plist;
				LD_RUNPATH_SEARCH_PATHS = (
					"$(inherited)",
					"@executable_path/Frameworks",
				);
				PRODUCT_BUNDLE_IDENTIFIER = Patrick.DocsViewTest;
				PRODUCT_NAME = "$(TARGET_NAME)";
				SWIFT_VERSION = 5.0;
				TARGETED_DEVICE_FAMILY = "1,2";
			};
			name = Release;
		};
/* End XCBuildConfiguration section */

/* Begin XCConfigurationList section */
		18AAA45C247284AA0099CF64 /* Build configuration list for PBXProject "DocsViewTest" */ = {
			isa = XCConfigurationList;
			buildConfigurations = (
				18AAA473247284AC0099CF64 /* Debug */,
				18AAA474247284AC0099CF64 /* Release */,
			);
			defaultConfigurationIsVisible = 0;
			defaultConfigurationName = Release;
		};
		18AAA475247284AC0099CF64 /* Build configuration list for PBXNativeTarget "DocsViewTest" */ = {
			isa = XCConfigurationList;
			buildConfigurations = (
				18AAA476247284AC0099CF64 /* Debug */,
				18AAA477247284AC0099CF64 /* Release */,
			);
			defaultConfigurationIsVisible = 0;
			defaultConfigurationName = Release;
		};
/* End XCConfigurationList section */
	};
	rootObject = 18AAA459247284AA0099CF64 /* Project object */;
}
